
Microsoft Visual Studio Solution File, Format Version 12.00
# Visual Studio 2013
VisualStudioVersion = 12.0.31101.0
MinimumVisualStudioVersion = 10.0.40219.1
Project("{8BC9CEB8-8B4A-11D0-8D11-00A0C91BC942}") = "unittest", "unittest\unittest.vcxproj", "{CFB9A60D-F2D2-4001-B90B-F9DA3E8A419C}"
EndProject
Project("{8BC9CEB8-8B4A-11D0-8D11-00A0C91BC942}") = "UnitTest1", "UnitTest1\UnitTest1.vcxproj", "{07A594A8-4834-4382-9644-92EB30B20CDC}"
EndProject
Global
	GlobalSection(SolutionConfigurationPlatforms) = preSolution
		Debug|Win32 = Debug|Win32
		Release|Win32 = Release|Win32
	EndGlobalSection
	GlobalSection(ProjectConfigurationPlatforms) = postSolution
		{CFB9A60D-F2D2-4001-B90B-F9DA3E8A419C}.Debug|Win32.ActiveCfg = Debug|Win32
		{CFB9A60D-F2D2-4001-B90B-F9DA3E8A419C}.Debug|Win32.Build.0 = Debug|Win32
		{CFB9A60D-F2D2-4001-B90B-F9DA3E8A419C}.Release|Win32.ActiveCfg = Release|Win32
		{CFB9A60D-F2D2-4001-B90B-F9DA3E8A419C}.Release|Win32.Build.0 = Release|Win32
		{07A594A8-4834-4382-9644-92EB30B20CDC}.Debug|Win32.ActiveCfg = Debug|Win32
		{07A594A8-4834-4382-9644-92EB30B20CDC}.Debug|Win32.Build.0 = Debug|Win32
		{07A594A8-4834-4382-9644-92EB30B20CDC}.Release|Win32.ActiveCfg = Release|Win32
		{07A594A8-4834-4382-9644-92EB30B20CDC}.Release|Win32.Build.0 = Release|Win32
	EndGlobalSection
	GlobalSection(SolutionProperties) = preSolution
		HideSolutionNode = FALSE
	EndGlobalSection
EndGlobal
